// !$*UTF8*$!
{
	archiveVersion = 1;
	classes = {
	};
	objectVersion = 56;
	objects = {

/* Begin PBXBuildFile section */
		5077960E2AF9208000A84051 /* projectpmdApp.swift in Sources */ = {isa = PBXBuildFile; fileRef = 5077960D2AF9208000A84051 /* projectpmdApp.swift */; };
<<<<<<< HEAD
		507796102AF9208000A84051 /* ContentView.swift in Sources */ = {isa = PBXBuildFile; fileRef = 5077960F2AF9208000A84051 /* ContentView.swift */; };
=======
>>>>>>> origin/Tracking-and-Rewards
		507796122AF9208100A84051 /* Assets.xcassets in Resources */ = {isa = PBXBuildFile; fileRef = 507796112AF9208100A84051 /* Assets.xcassets */; };
		507796152AF9208100A84051 /* Preview Assets.xcassets in Resources */ = {isa = PBXBuildFile; fileRef = 507796142AF9208100A84051 /* Preview Assets.xcassets */; };
		5077961F2AF9208100A84051 /* projectpmdTests.swift in Sources */ = {isa = PBXBuildFile; fileRef = 5077961E2AF9208100A84051 /* projectpmdTests.swift */; };
		507796292AF9208100A84051 /* projectpmdUITests.swift in Sources */ = {isa = PBXBuildFile; fileRef = 507796282AF9208100A84051 /* projectpmdUITests.swift */; };
		5077962B2AF9208100A84051 /* projectpmdUITestsLaunchTests.swift in Sources */ = {isa = PBXBuildFile; fileRef = 5077962A2AF9208100A84051 /* projectpmdUITestsLaunchTests.swift */; };
<<<<<<< HEAD
		B0D67B502AFA62650079AF80 /* Cree_evntView.swift in Sources */ = {isa = PBXBuildFile; fileRef = B0D67B4F2AFA62650079AF80 /* Cree_evntView.swift */; };
		B0D67B522AFA6D000079AF80 /* Liste_evntView.swift in Sources */ = {isa = PBXBuildFile; fileRef = B0D67B512AFA6D000079AF80 /* Liste_evntView.swift */; };
=======
		E4945F372AFB9D1600A0B6BA /* TrackingView.swift in Sources */ = {isa = PBXBuildFile; fileRef = E4945F362AFB9D1600A0B6BA /* TrackingView.swift */; };
		E4945F412AFBBB2F00A0B6BA /* RewardsDetailView.swift in Sources */ = {isa = PBXBuildFile; fileRef = E4945F402AFBBB2F00A0B6BA /* RewardsDetailView.swift */; };
		E4945F432AFBD88B00A0B6BA /* Rewards.swift in Sources */ = {isa = PBXBuildFile; fileRef = E4945F422AFBD88B00A0B6BA /* Rewards.swift */; };
>>>>>>> origin/Tracking-and-Rewards
/* End PBXBuildFile section */

/* Begin PBXContainerItemProxy section */
		5077961B2AF9208100A84051 /* PBXContainerItemProxy */ = {
			isa = PBXContainerItemProxy;
			containerPortal = 507796022AF9208000A84051 /* Project object */;
			proxyType = 1;
			remoteGlobalIDString = 507796092AF9208000A84051;
			remoteInfo = projectpmd;
		};
		507796252AF9208100A84051 /* PBXContainerItemProxy */ = {
			isa = PBXContainerItemProxy;
			containerPortal = 507796022AF9208000A84051 /* Project object */;
			proxyType = 1;
			remoteGlobalIDString = 507796092AF9208000A84051;
			remoteInfo = projectpmd;
		};
/* End PBXContainerItemProxy section */

/* Begin PBXFileReference section */
		5077960A2AF9208000A84051 /* projectpmd.app */ = {isa = PBXFileReference; explicitFileType = wrapper.application; includeInIndex = 0; path = projectpmd.app; sourceTree = BUILT_PRODUCTS_DIR; };
		5077960D2AF9208000A84051 /* projectpmdApp.swift */ = {isa = PBXFileReference; lastKnownFileType = sourcecode.swift; path = projectpmdApp.swift; sourceTree = "<group>"; };
<<<<<<< HEAD
		5077960F2AF9208000A84051 /* ContentView.swift */ = {isa = PBXFileReference; lastKnownFileType = sourcecode.swift; path = ContentView.swift; sourceTree = "<group>"; };
=======
>>>>>>> origin/Tracking-and-Rewards
		507796112AF9208100A84051 /* Assets.xcassets */ = {isa = PBXFileReference; lastKnownFileType = folder.assetcatalog; path = Assets.xcassets; sourceTree = "<group>"; };
		507796142AF9208100A84051 /* Preview Assets.xcassets */ = {isa = PBXFileReference; lastKnownFileType = folder.assetcatalog; path = "Preview Assets.xcassets"; sourceTree = "<group>"; };
		5077961A2AF9208100A84051 /* projectpmdTests.xctest */ = {isa = PBXFileReference; explicitFileType = wrapper.cfbundle; includeInIndex = 0; path = projectpmdTests.xctest; sourceTree = BUILT_PRODUCTS_DIR; };
		5077961E2AF9208100A84051 /* projectpmdTests.swift */ = {isa = PBXFileReference; lastKnownFileType = sourcecode.swift; path = projectpmdTests.swift; sourceTree = "<group>"; };
		507796242AF9208100A84051 /* projectpmdUITests.xctest */ = {isa = PBXFileReference; explicitFileType = wrapper.cfbundle; includeInIndex = 0; path = projectpmdUITests.xctest; sourceTree = BUILT_PRODUCTS_DIR; };
		507796282AF9208100A84051 /* projectpmdUITests.swift */ = {isa = PBXFileReference; lastKnownFileType = sourcecode.swift; path = projectpmdUITests.swift; sourceTree = "<group>"; };
		5077962A2AF9208100A84051 /* projectpmdUITestsLaunchTests.swift */ = {isa = PBXFileReference; lastKnownFileType = sourcecode.swift; path = projectpmdUITestsLaunchTests.swift; sourceTree = "<group>"; };
		5077963F2AF9311000A84051 /* NimbusSanL-Bol.otf */ = {isa = PBXFileReference; lastKnownFileType = file; path = "NimbusSanL-Bol.otf"; sourceTree = "<group>"; };
		507796402AF9311000A84051 /* NimbusSanL-RegIta.otf */ = {isa = PBXFileReference; lastKnownFileType = file; path = "NimbusSanL-RegIta.otf"; sourceTree = "<group>"; };
		507796412AF9311000A84051 /* NimbusSanL-BolIta.otf */ = {isa = PBXFileReference; lastKnownFileType = file; path = "NimbusSanL-BolIta.otf"; sourceTree = "<group>"; };
		507796422AF9311000A84051 /* NimbusSanL-Reg.otf */ = {isa = PBXFileReference; lastKnownFileType = file; path = "NimbusSanL-Reg.otf"; sourceTree = "<group>"; };
<<<<<<< HEAD
		507796452AF9324A00A84051 /* NimbusSanL-BolIta.otf */ = {isa = PBXFileReference; lastKnownFileType = file; name = "NimbusSanL-BolIta.otf"; path = "../../../../Downloads/nimbus-sans-l/NimbusSanL-BolIta.otf"; sourceTree = "<group>"; };
		507796462AF9324A00A84051 /* NimbusSanL-Reg.otf */ = {isa = PBXFileReference; lastKnownFileType = file; name = "NimbusSanL-Reg.otf"; path = "../../../../Downloads/nimbus-sans-l/NimbusSanL-Reg.otf"; sourceTree = "<group>"; };
		507796472AF9324B00A84051 /* NimbusSanL-Bol.otf */ = {isa = PBXFileReference; lastKnownFileType = file; name = "NimbusSanL-Bol.otf"; path = "../../../../Downloads/nimbus-sans-l/NimbusSanL-Bol.otf"; sourceTree = "<group>"; };
		507796482AF9324B00A84051 /* NimbusSanL-RegIta.otf */ = {isa = PBXFileReference; lastKnownFileType = file; name = "NimbusSanL-RegIta.otf"; path = "../../../../Downloads/nimbus-sans-l/NimbusSanL-RegIta.otf"; sourceTree = "<group>"; };
		B0D67B4F2AFA62650079AF80 /* Cree_evntView.swift */ = {isa = PBXFileReference; lastKnownFileType = sourcecode.swift; path = Cree_evntView.swift; sourceTree = "<group>"; };
		B0D67B512AFA6D000079AF80 /* Liste_evntView.swift */ = {isa = PBXFileReference; lastKnownFileType = sourcecode.swift; path = Liste_evntView.swift; sourceTree = "<group>"; };
=======
		507796452AF9324A00A84051 /* NimbusSanL-BolIta.otf */ = {isa = PBXFileReference; lastKnownFileType = text; name = "NimbusSanL-BolIta.otf"; path = "../../../../Downloads/nimbus-sans-l/NimbusSanL-BolIta.otf"; sourceTree = "<group>"; };
		507796462AF9324A00A84051 /* NimbusSanL-Reg.otf */ = {isa = PBXFileReference; lastKnownFileType = text; name = "NimbusSanL-Reg.otf"; path = "../../../../Downloads/nimbus-sans-l/NimbusSanL-Reg.otf"; sourceTree = "<group>"; };
		507796472AF9324B00A84051 /* NimbusSanL-Bol.otf */ = {isa = PBXFileReference; lastKnownFileType = text; name = "NimbusSanL-Bol.otf"; path = "../../../../Downloads/nimbus-sans-l/NimbusSanL-Bol.otf"; sourceTree = "<group>"; };
		507796482AF9324B00A84051 /* NimbusSanL-RegIta.otf */ = {isa = PBXFileReference; lastKnownFileType = text; name = "NimbusSanL-RegIta.otf"; path = "../../../../Downloads/nimbus-sans-l/NimbusSanL-RegIta.otf"; sourceTree = "<group>"; };
		E4945F362AFB9D1600A0B6BA /* TrackingView.swift */ = {isa = PBXFileReference; lastKnownFileType = sourcecode.swift; path = TrackingView.swift; sourceTree = "<group>"; };
		E4945F402AFBBB2F00A0B6BA /* RewardsDetailView.swift */ = {isa = PBXFileReference; lastKnownFileType = sourcecode.swift; path = RewardsDetailView.swift; sourceTree = "<group>"; };
		E4945F422AFBD88B00A0B6BA /* Rewards.swift */ = {isa = PBXFileReference; lastKnownFileType = sourcecode.swift; path = Rewards.swift; sourceTree = "<group>"; };
>>>>>>> origin/Tracking-and-Rewards
/* End PBXFileReference section */

/* Begin PBXFrameworksBuildPhase section */
		507796072AF9208000A84051 /* Frameworks */ = {
			isa = PBXFrameworksBuildPhase;
			buildActionMask = 2147483647;
			files = (
			);
			runOnlyForDeploymentPostprocessing = 0;
		};
		507796172AF9208100A84051 /* Frameworks */ = {
			isa = PBXFrameworksBuildPhase;
			buildActionMask = 2147483647;
			files = (
			);
			runOnlyForDeploymentPostprocessing = 0;
		};
		507796212AF9208100A84051 /* Frameworks */ = {
			isa = PBXFrameworksBuildPhase;
			buildActionMask = 2147483647;
			files = (
			);
			runOnlyForDeploymentPostprocessing = 0;
		};
/* End PBXFrameworksBuildPhase section */

/* Begin PBXGroup section */
		507796012AF9208000A84051 = {
			isa = PBXGroup;
			children = (
				507796472AF9324B00A84051 /* NimbusSanL-Bol.otf */,
				507796452AF9324A00A84051 /* NimbusSanL-BolIta.otf */,
				507796462AF9324A00A84051 /* NimbusSanL-Reg.otf */,
				507796482AF9324B00A84051 /* NimbusSanL-RegIta.otf */,
				5077960C2AF9208000A84051 /* projectpmd */,
				5077961D2AF9208100A84051 /* projectpmdTests */,
				507796272AF9208100A84051 /* projectpmdUITests */,
				5077960B2AF9208000A84051 /* Products */,
			);
			sourceTree = "<group>";
		};
		5077960B2AF9208000A84051 /* Products */ = {
			isa = PBXGroup;
			children = (
				5077960A2AF9208000A84051 /* projectpmd.app */,
				5077961A2AF9208100A84051 /* projectpmdTests.xctest */,
				507796242AF9208100A84051 /* projectpmdUITests.xctest */,
			);
			name = Products;
			sourceTree = "<group>";
		};
		5077960C2AF9208000A84051 /* projectpmd */ = {
			isa = PBXGroup;
			children = (
				5077960D2AF9208000A84051 /* projectpmdApp.swift */,
				5077963E2AF9267E00A84051 /* Resources */,
				5077963D2AF9267400A84051 /* Utils */,
				5077963C2AF9266800A84051 /* Services */,
				5077963A2AF9263A00A84051 /* ViewModels */,
				507796382AF9261000A84051 /* Views */,
				507796372AF925FC00A84051 /* Models */,
				507796132AF9208100A84051 /* Preview Content */,
			);
			path = projectpmd;
			sourceTree = "<group>";
		};
		507796132AF9208100A84051 /* Preview Content */ = {
			isa = PBXGroup;
			children = (
				507796142AF9208100A84051 /* Preview Assets.xcassets */,
			);
			path = "Preview Content";
			sourceTree = "<group>";
		};
		5077961D2AF9208100A84051 /* projectpmdTests */ = {
			isa = PBXGroup;
			children = (
				5077961E2AF9208100A84051 /* projectpmdTests.swift */,
			);
			path = projectpmdTests;
			sourceTree = "<group>";
		};
		507796272AF9208100A84051 /* projectpmdUITests */ = {
			isa = PBXGroup;
			children = (
				507796282AF9208100A84051 /* projectpmdUITests.swift */,
				5077962A2AF9208100A84051 /* projectpmdUITestsLaunchTests.swift */,
			);
			path = projectpmdUITests;
			sourceTree = "<group>";
		};
		507796372AF925FC00A84051 /* Models */ = {
			isa = PBXGroup;
			children = (
			);
			path = Models;
			sourceTree = "<group>";
		};
		507796382AF9261000A84051 /* Views */ = {
			isa = PBXGroup;
			children = (
<<<<<<< HEAD
				5077960F2AF9208000A84051 /* ContentView.swift */,
				B0D67B4F2AFA62650079AF80 /* Cree_evntView.swift */,
				B0D67B512AFA6D000079AF80 /* Liste_evntView.swift */,
=======
				E4945F362AFB9D1600A0B6BA /* TrackingView.swift */,
				E4945F422AFBD88B00A0B6BA /* Rewards.swift */,
				E4945F402AFBBB2F00A0B6BA /* RewardsDetailView.swift */,
>>>>>>> origin/Tracking-and-Rewards
			);
			path = Views;
			sourceTree = "<group>";
		};
		5077963A2AF9263A00A84051 /* ViewModels */ = {
			isa = PBXGroup;
			children = (
			);
			path = ViewModels;
			sourceTree = "<group>";
		};
		5077963C2AF9266800A84051 /* Services */ = {
			isa = PBXGroup;
			children = (
			);
			path = Services;
			sourceTree = "<group>";
		};
		5077963D2AF9267400A84051 /* Utils */ = {
			isa = PBXGroup;
			children = (
			);
			path = Utils;
			sourceTree = "<group>";
		};
		5077963E2AF9267E00A84051 /* Resources */ = {
			isa = PBXGroup;
			children = (
				507796112AF9208100A84051 /* Assets.xcassets */,
				5077963F2AF9311000A84051 /* NimbusSanL-Bol.otf */,
				507796412AF9311000A84051 /* NimbusSanL-BolIta.otf */,
				507796422AF9311000A84051 /* NimbusSanL-Reg.otf */,
				507796402AF9311000A84051 /* NimbusSanL-RegIta.otf */,
			);
			path = Resources;
			sourceTree = "<group>";
		};
/* End PBXGroup section */

/* Begin PBXNativeTarget section */
		507796092AF9208000A84051 /* projectpmd */ = {
			isa = PBXNativeTarget;
			buildConfigurationList = 5077962E2AF9208100A84051 /* Build configuration list for PBXNativeTarget "projectpmd" */;
			buildPhases = (
				507796062AF9208000A84051 /* Sources */,
				507796072AF9208000A84051 /* Frameworks */,
				507796082AF9208000A84051 /* Resources */,
			);
			buildRules = (
			);
			dependencies = (
			);
			name = projectpmd;
			productName = projectpmd;
			productReference = 5077960A2AF9208000A84051 /* projectpmd.app */;
			productType = "com.apple.product-type.application";
		};
		507796192AF9208100A84051 /* projectpmdTests */ = {
			isa = PBXNativeTarget;
			buildConfigurationList = 507796312AF9208100A84051 /* Build configuration list for PBXNativeTarget "projectpmdTests" */;
			buildPhases = (
				507796162AF9208100A84051 /* Sources */,
				507796172AF9208100A84051 /* Frameworks */,
				507796182AF9208100A84051 /* Resources */,
			);
			buildRules = (
			);
			dependencies = (
				5077961C2AF9208100A84051 /* PBXTargetDependency */,
			);
			name = projectpmdTests;
			productName = projectpmdTests;
			productReference = 5077961A2AF9208100A84051 /* projectpmdTests.xctest */;
			productType = "com.apple.product-type.bundle.unit-test";
		};
		507796232AF9208100A84051 /* projectpmdUITests */ = {
			isa = PBXNativeTarget;
			buildConfigurationList = 507796342AF9208100A84051 /* Build configuration list for PBXNativeTarget "projectpmdUITests" */;
			buildPhases = (
				507796202AF9208100A84051 /* Sources */,
				507796212AF9208100A84051 /* Frameworks */,
				507796222AF9208100A84051 /* Resources */,
			);
			buildRules = (
			);
			dependencies = (
				507796262AF9208100A84051 /* PBXTargetDependency */,
			);
			name = projectpmdUITests;
			productName = projectpmdUITests;
			productReference = 507796242AF9208100A84051 /* projectpmdUITests.xctest */;
			productType = "com.apple.product-type.bundle.ui-testing";
		};
/* End PBXNativeTarget section */

/* Begin PBXProject section */
		507796022AF9208000A84051 /* Project object */ = {
			isa = PBXProject;
			attributes = {
				BuildIndependentTargetsInParallel = 1;
				LastSwiftUpdateCheck = 1410;
				LastUpgradeCheck = 1410;
				TargetAttributes = {
					507796092AF9208000A84051 = {
						CreatedOnToolsVersion = 14.1;
					};
					507796192AF9208100A84051 = {
						CreatedOnToolsVersion = 14.1;
						TestTargetID = 507796092AF9208000A84051;
					};
					507796232AF9208100A84051 = {
						CreatedOnToolsVersion = 14.1;
						TestTargetID = 507796092AF9208000A84051;
					};
				};
			};
			buildConfigurationList = 507796052AF9208000A84051 /* Build configuration list for PBXProject "projectpmd" */;
			compatibilityVersion = "Xcode 14.0";
			developmentRegion = en;
			hasScannedForEncodings = 0;
			knownRegions = (
				en,
				Base,
			);
			mainGroup = 507796012AF9208000A84051;
			productRefGroup = 5077960B2AF9208000A84051 /* Products */;
			projectDirPath = "";
			projectRoot = "";
			targets = (
				507796092AF9208000A84051 /* projectpmd */,
				507796192AF9208100A84051 /* projectpmdTests */,
				507796232AF9208100A84051 /* projectpmdUITests */,
			);
		};
/* End PBXProject section */

/* Begin PBXResourcesBuildPhase section */
		507796082AF9208000A84051 /* Resources */ = {
			isa = PBXResourcesBuildPhase;
			buildActionMask = 2147483647;
			files = (
				507796152AF9208100A84051 /* Preview Assets.xcassets in Resources */,
				507796122AF9208100A84051 /* Assets.xcassets in Resources */,
			);
			runOnlyForDeploymentPostprocessing = 0;
		};
		507796182AF9208100A84051 /* Resources */ = {
			isa = PBXResourcesBuildPhase;
			buildActionMask = 2147483647;
			files = (
			);
			runOnlyForDeploymentPostprocessing = 0;
		};
		507796222AF9208100A84051 /* Resources */ = {
			isa = PBXResourcesBuildPhase;
			buildActionMask = 2147483647;
			files = (
			);
			runOnlyForDeploymentPostprocessing = 0;
		};
/* End PBXResourcesBuildPhase section */

/* Begin PBXSourcesBuildPhase section */
		507796062AF9208000A84051 /* Sources */ = {
			isa = PBXSourcesBuildPhase;
			buildActionMask = 2147483647;
			files = (
<<<<<<< HEAD
				B0D67B502AFA62650079AF80 /* Cree_evntView.swift in Sources */,
				507796102AF9208000A84051 /* ContentView.swift in Sources */,
=======
				E4945F412AFBBB2F00A0B6BA /* RewardsDetailView.swift in Sources */,
				E4945F372AFB9D1600A0B6BA /* TrackingView.swift in Sources */,
				E4945F432AFBD88B00A0B6BA /* Rewards.swift in Sources */,
>>>>>>> origin/Tracking-and-Rewards
				5077960E2AF9208000A84051 /* projectpmdApp.swift in Sources */,
				B0D67B522AFA6D000079AF80 /* Liste_evntView.swift in Sources */,
			);
			runOnlyForDeploymentPostprocessing = 0;
		};
		507796162AF9208100A84051 /* Sources */ = {
			isa = PBXSourcesBuildPhase;
			buildActionMask = 2147483647;
			files = (
				5077961F2AF9208100A84051 /* projectpmdTests.swift in Sources */,
			);
			runOnlyForDeploymentPostprocessing = 0;
		};
		507796202AF9208100A84051 /* Sources */ = {
			isa = PBXSourcesBuildPhase;
			buildActionMask = 2147483647;
			files = (
				5077962B2AF9208100A84051 /* projectpmdUITestsLaunchTests.swift in Sources */,
				507796292AF9208100A84051 /* projectpmdUITests.swift in Sources */,
			);
			runOnlyForDeploymentPostprocessing = 0;
		};
/* End PBXSourcesBuildPhase section */

/* Begin PBXTargetDependency section */
		5077961C2AF9208100A84051 /* PBXTargetDependency */ = {
			isa = PBXTargetDependency;
			target = 507796092AF9208000A84051 /* projectpmd */;
			targetProxy = 5077961B2AF9208100A84051 /* PBXContainerItemProxy */;
		};
		507796262AF9208100A84051 /* PBXTargetDependency */ = {
			isa = PBXTargetDependency;
			target = 507796092AF9208000A84051 /* projectpmd */;
			targetProxy = 507796252AF9208100A84051 /* PBXContainerItemProxy */;
		};
/* End PBXTargetDependency section */

/* Begin XCBuildConfiguration section */
		5077962C2AF9208100A84051 /* Debug */ = {
			isa = XCBuildConfiguration;
			buildSettings = {
				ALWAYS_SEARCH_USER_PATHS = NO;
				CLANG_ANALYZER_NONNULL = YES;
				CLANG_ANALYZER_NUMBER_OBJECT_CONVERSION = YES_AGGRESSIVE;
				CLANG_CXX_LANGUAGE_STANDARD = "gnu++20";
				CLANG_ENABLE_MODULES = YES;
				CLANG_ENABLE_OBJC_ARC = YES;
				CLANG_ENABLE_OBJC_WEAK = YES;
				CLANG_WARN_BLOCK_CAPTURE_AUTORELEASING = YES;
				CLANG_WARN_BOOL_CONVERSION = YES;
				CLANG_WARN_COMMA = YES;
				CLANG_WARN_CONSTANT_CONVERSION = YES;
				CLANG_WARN_DEPRECATED_OBJC_IMPLEMENTATIONS = YES;
				CLANG_WARN_DIRECT_OBJC_ISA_USAGE = YES_ERROR;
				CLANG_WARN_DOCUMENTATION_COMMENTS = YES;
				CLANG_WARN_EMPTY_BODY = YES;
				CLANG_WARN_ENUM_CONVERSION = YES;
				CLANG_WARN_INFINITE_RECURSION = YES;
				CLANG_WARN_INT_CONVERSION = YES;
				CLANG_WARN_NON_LITERAL_NULL_CONVERSION = YES;
				CLANG_WARN_OBJC_IMPLICIT_RETAIN_SELF = YES;
				CLANG_WARN_OBJC_LITERAL_CONVERSION = YES;
				CLANG_WARN_OBJC_ROOT_CLASS = YES_ERROR;
				CLANG_WARN_QUOTED_INCLUDE_IN_FRAMEWORK_HEADER = YES;
				CLANG_WARN_RANGE_LOOP_ANALYSIS = YES;
				CLANG_WARN_STRICT_PROTOTYPES = YES;
				CLANG_WARN_SUSPICIOUS_MOVE = YES;
				CLANG_WARN_UNGUARDED_AVAILABILITY = YES_AGGRESSIVE;
				CLANG_WARN_UNREACHABLE_CODE = YES;
				CLANG_WARN__DUPLICATE_METHOD_MATCH = YES;
				COPY_PHASE_STRIP = NO;
				DEBUG_INFORMATION_FORMAT = dwarf;
				ENABLE_STRICT_OBJC_MSGSEND = YES;
				ENABLE_TESTABILITY = YES;
				GCC_C_LANGUAGE_STANDARD = gnu11;
				GCC_DYNAMIC_NO_PIC = NO;
				GCC_NO_COMMON_BLOCKS = YES;
				GCC_OPTIMIZATION_LEVEL = 0;
				GCC_PREPROCESSOR_DEFINITIONS = (
					"DEBUG=1",
					"$(inherited)",
				);
				GCC_WARN_64_TO_32_BIT_CONVERSION = YES;
				GCC_WARN_ABOUT_RETURN_TYPE = YES_ERROR;
				GCC_WARN_UNDECLARED_SELECTOR = YES;
				GCC_WARN_UNINITIALIZED_AUTOS = YES_AGGRESSIVE;
				GCC_WARN_UNUSED_FUNCTION = YES;
				GCC_WARN_UNUSED_VARIABLE = YES;
				IPHONEOS_DEPLOYMENT_TARGET = 16.1;
				MTL_ENABLE_DEBUG_INFO = INCLUDE_SOURCE;
				MTL_FAST_MATH = YES;
				ONLY_ACTIVE_ARCH = YES;
				SDKROOT = iphoneos;
				SWIFT_ACTIVE_COMPILATION_CONDITIONS = DEBUG;
				SWIFT_OPTIMIZATION_LEVEL = "-Onone";
			};
			name = Debug;
		};
		5077962D2AF9208100A84051 /* Release */ = {
			isa = XCBuildConfiguration;
			buildSettings = {
				ALWAYS_SEARCH_USER_PATHS = NO;
				CLANG_ANALYZER_NONNULL = YES;
				CLANG_ANALYZER_NUMBER_OBJECT_CONVERSION = YES_AGGRESSIVE;
				CLANG_CXX_LANGUAGE_STANDARD = "gnu++20";
				CLANG_ENABLE_MODULES = YES;
				CLANG_ENABLE_OBJC_ARC = YES;
				CLANG_ENABLE_OBJC_WEAK = YES;
				CLANG_WARN_BLOCK_CAPTURE_AUTORELEASING = YES;
				CLANG_WARN_BOOL_CONVERSION = YES;
				CLANG_WARN_COMMA = YES;
				CLANG_WARN_CONSTANT_CONVERSION = YES;
				CLANG_WARN_DEPRECATED_OBJC_IMPLEMENTATIONS = YES;
				CLANG_WARN_DIRECT_OBJC_ISA_USAGE = YES_ERROR;
				CLANG_WARN_DOCUMENTATION_COMMENTS = YES;
				CLANG_WARN_EMPTY_BODY = YES;
				CLANG_WARN_ENUM_CONVERSION = YES;
				CLANG_WARN_INFINITE_RECURSION = YES;
				CLANG_WARN_INT_CONVERSION = YES;
				CLANG_WARN_NON_LITERAL_NULL_CONVERSION = YES;
				CLANG_WARN_OBJC_IMPLICIT_RETAIN_SELF = YES;
				CLANG_WARN_OBJC_LITERAL_CONVERSION = YES;
				CLANG_WARN_OBJC_ROOT_CLASS = YES_ERROR;
				CLANG_WARN_QUOTED_INCLUDE_IN_FRAMEWORK_HEADER = YES;
				CLANG_WARN_RANGE_LOOP_ANALYSIS = YES;
				CLANG_WARN_STRICT_PROTOTYPES = YES;
				CLANG_WARN_SUSPICIOUS_MOVE = YES;
				CLANG_WARN_UNGUARDED_AVAILABILITY = YES_AGGRESSIVE;
				CLANG_WARN_UNREACHABLE_CODE = YES;
				CLANG_WARN__DUPLICATE_METHOD_MATCH = YES;
				COPY_PHASE_STRIP = NO;
				DEBUG_INFORMATION_FORMAT = "dwarf-with-dsym";
				ENABLE_NS_ASSERTIONS = NO;
				ENABLE_STRICT_OBJC_MSGSEND = YES;
				GCC_C_LANGUAGE_STANDARD = gnu11;
				GCC_NO_COMMON_BLOCKS = YES;
				GCC_WARN_64_TO_32_BIT_CONVERSION = YES;
				GCC_WARN_ABOUT_RETURN_TYPE = YES_ERROR;
				GCC_WARN_UNDECLARED_SELECTOR = YES;
				GCC_WARN_UNINITIALIZED_AUTOS = YES_AGGRESSIVE;
				GCC_WARN_UNUSED_FUNCTION = YES;
				GCC_WARN_UNUSED_VARIABLE = YES;
				IPHONEOS_DEPLOYMENT_TARGET = 16.1;
				MTL_ENABLE_DEBUG_INFO = NO;
				MTL_FAST_MATH = YES;
				SDKROOT = iphoneos;
				SWIFT_COMPILATION_MODE = wholemodule;
				SWIFT_OPTIMIZATION_LEVEL = "-O";
				VALIDATE_PRODUCT = YES;
			};
			name = Release;
		};
		5077962F2AF9208100A84051 /* Debug */ = {
			isa = XCBuildConfiguration;
			buildSettings = {
				ASSETCATALOG_COMPILER_APPICON_NAME = AppIcon;
				ASSETCATALOG_COMPILER_GLOBAL_ACCENT_COLOR_NAME = AccentColor;
				CODE_SIGN_STYLE = Automatic;
				CURRENT_PROJECT_VERSION = 1;
				DEVELOPMENT_ASSET_PATHS = "\"projectpmd/Preview Content\"";
				ENABLE_PREVIEWS = YES;
				GENERATE_INFOPLIST_FILE = YES;
				INFOPLIST_KEY_UIApplicationSceneManifest_Generation = YES;
				INFOPLIST_KEY_UIApplicationSupportsIndirectInputEvents = YES;
				INFOPLIST_KEY_UILaunchScreen_Generation = YES;
				INFOPLIST_KEY_UISupportedInterfaceOrientations_iPad = "UIInterfaceOrientationPortrait UIInterfaceOrientationPortraitUpsideDown UIInterfaceOrientationLandscapeLeft UIInterfaceOrientationLandscapeRight";
				INFOPLIST_KEY_UISupportedInterfaceOrientations_iPhone = "UIInterfaceOrientationPortrait UIInterfaceOrientationLandscapeLeft UIInterfaceOrientationLandscapeRight";
				LD_RUNPATH_SEARCH_PATHS = (
					"$(inherited)",
					"@executable_path/Frameworks",
				);
				MARKETING_VERSION = 1.0;
				PRODUCT_BUNDLE_IDENTIFIER = pdm.projectpmd;
				PRODUCT_NAME = "$(TARGET_NAME)";
				SWIFT_EMIT_LOC_STRINGS = YES;
				SWIFT_VERSION = 5.0;
				TARGETED_DEVICE_FAMILY = "1,2";
			};
			name = Debug;
		};
		507796302AF9208100A84051 /* Release */ = {
			isa = XCBuildConfiguration;
			buildSettings = {
				ASSETCATALOG_COMPILER_APPICON_NAME = AppIcon;
				ASSETCATALOG_COMPILER_GLOBAL_ACCENT_COLOR_NAME = AccentColor;
				CODE_SIGN_STYLE = Automatic;
				CURRENT_PROJECT_VERSION = 1;
				DEVELOPMENT_ASSET_PATHS = "\"projectpmd/Preview Content\"";
				ENABLE_PREVIEWS = YES;
				GENERATE_INFOPLIST_FILE = YES;
				INFOPLIST_KEY_UIApplicationSceneManifest_Generation = YES;
				INFOPLIST_KEY_UIApplicationSupportsIndirectInputEvents = YES;
				INFOPLIST_KEY_UILaunchScreen_Generation = YES;
				INFOPLIST_KEY_UISupportedInterfaceOrientations_iPad = "UIInterfaceOrientationPortrait UIInterfaceOrientationPortraitUpsideDown UIInterfaceOrientationLandscapeLeft UIInterfaceOrientationLandscapeRight";
				INFOPLIST_KEY_UISupportedInterfaceOrientations_iPhone = "UIInterfaceOrientationPortrait UIInterfaceOrientationLandscapeLeft UIInterfaceOrientationLandscapeRight";
				LD_RUNPATH_SEARCH_PATHS = (
					"$(inherited)",
					"@executable_path/Frameworks",
				);
				MARKETING_VERSION = 1.0;
				PRODUCT_BUNDLE_IDENTIFIER = pdm.projectpmd;
				PRODUCT_NAME = "$(TARGET_NAME)";
				SWIFT_EMIT_LOC_STRINGS = YES;
				SWIFT_VERSION = 5.0;
				TARGETED_DEVICE_FAMILY = "1,2";
			};
			name = Release;
		};
		507796322AF9208100A84051 /* Debug */ = {
			isa = XCBuildConfiguration;
			buildSettings = {
				ALWAYS_EMBED_SWIFT_STANDARD_LIBRARIES = YES;
				BUNDLE_LOADER = "$(TEST_HOST)";
				CODE_SIGN_STYLE = Automatic;
				CURRENT_PROJECT_VERSION = 1;
				GENERATE_INFOPLIST_FILE = YES;
				IPHONEOS_DEPLOYMENT_TARGET = 16.1;
				MARKETING_VERSION = 1.0;
				PRODUCT_BUNDLE_IDENTIFIER = pdm.projectpmdTests;
				PRODUCT_NAME = "$(TARGET_NAME)";
				SWIFT_EMIT_LOC_STRINGS = NO;
				SWIFT_VERSION = 5.0;
				TARGETED_DEVICE_FAMILY = "1,2";
				TEST_HOST = "$(BUILT_PRODUCTS_DIR)/projectpmd.app/$(BUNDLE_EXECUTABLE_FOLDER_PATH)/projectpmd";
			};
			name = Debug;
		};
		507796332AF9208100A84051 /* Release */ = {
			isa = XCBuildConfiguration;
			buildSettings = {
				ALWAYS_EMBED_SWIFT_STANDARD_LIBRARIES = YES;
				BUNDLE_LOADER = "$(TEST_HOST)";
				CODE_SIGN_STYLE = Automatic;
				CURRENT_PROJECT_VERSION = 1;
				GENERATE_INFOPLIST_FILE = YES;
				IPHONEOS_DEPLOYMENT_TARGET = 16.1;
				MARKETING_VERSION = 1.0;
				PRODUCT_BUNDLE_IDENTIFIER = pdm.projectpmdTests;
				PRODUCT_NAME = "$(TARGET_NAME)";
				SWIFT_EMIT_LOC_STRINGS = NO;
				SWIFT_VERSION = 5.0;
				TARGETED_DEVICE_FAMILY = "1,2";
				TEST_HOST = "$(BUILT_PRODUCTS_DIR)/projectpmd.app/$(BUNDLE_EXECUTABLE_FOLDER_PATH)/projectpmd";
			};
			name = Release;
		};
		507796352AF9208100A84051 /* Debug */ = {
			isa = XCBuildConfiguration;
			buildSettings = {
				ALWAYS_EMBED_SWIFT_STANDARD_LIBRARIES = YES;
				CODE_SIGN_STYLE = Automatic;
				CURRENT_PROJECT_VERSION = 1;
				GENERATE_INFOPLIST_FILE = YES;
				MARKETING_VERSION = 1.0;
				PRODUCT_BUNDLE_IDENTIFIER = pdm.projectpmdUITests;
				PRODUCT_NAME = "$(TARGET_NAME)";
				SWIFT_EMIT_LOC_STRINGS = NO;
				SWIFT_VERSION = 5.0;
				TARGETED_DEVICE_FAMILY = "1,2";
				TEST_TARGET_NAME = projectpmd;
			};
			name = Debug;
		};
		507796362AF9208100A84051 /* Release */ = {
			isa = XCBuildConfiguration;
			buildSettings = {
				ALWAYS_EMBED_SWIFT_STANDARD_LIBRARIES = YES;
				CODE_SIGN_STYLE = Automatic;
				CURRENT_PROJECT_VERSION = 1;
				GENERATE_INFOPLIST_FILE = YES;
				MARKETING_VERSION = 1.0;
				PRODUCT_BUNDLE_IDENTIFIER = pdm.projectpmdUITests;
				PRODUCT_NAME = "$(TARGET_NAME)";
				SWIFT_EMIT_LOC_STRINGS = NO;
				SWIFT_VERSION = 5.0;
				TARGETED_DEVICE_FAMILY = "1,2";
				TEST_TARGET_NAME = projectpmd;
			};
			name = Release;
		};
/* End XCBuildConfiguration section */

/* Begin XCConfigurationList section */
		507796052AF9208000A84051 /* Build configuration list for PBXProject "projectpmd" */ = {
			isa = XCConfigurationList;
			buildConfigurations = (
				5077962C2AF9208100A84051 /* Debug */,
				5077962D2AF9208100A84051 /* Release */,
			);
			defaultConfigurationIsVisible = 0;
			defaultConfigurationName = Release;
		};
		5077962E2AF9208100A84051 /* Build configuration list for PBXNativeTarget "projectpmd" */ = {
			isa = XCConfigurationList;
			buildConfigurations = (
				5077962F2AF9208100A84051 /* Debug */,
				507796302AF9208100A84051 /* Release */,
			);
			defaultConfigurationIsVisible = 0;
			defaultConfigurationName = Release;
		};
		507796312AF9208100A84051 /* Build configuration list for PBXNativeTarget "projectpmdTests" */ = {
			isa = XCConfigurationList;
			buildConfigurations = (
				507796322AF9208100A84051 /* Debug */,
				507796332AF9208100A84051 /* Release */,
			);
			defaultConfigurationIsVisible = 0;
			defaultConfigurationName = Release;
		};
		507796342AF9208100A84051 /* Build configuration list for PBXNativeTarget "projectpmdUITests" */ = {
			isa = XCConfigurationList;
			buildConfigurations = (
				507796352AF9208100A84051 /* Debug */,
				507796362AF9208100A84051 /* Release */,
			);
			defaultConfigurationIsVisible = 0;
			defaultConfigurationName = Release;
		};
/* End XCConfigurationList section */
	};
	rootObject = 507796022AF9208000A84051 /* Project object */;
}
